
Microsoft Visual Studio Solution File, Format Version 12.00
# Visual Studio Version 16
VisualStudioVersion = 16.0.29911.84
MinimumVisualStudioVersion = 10.0.40219.1
Project("{FAE04EC0-301F-11D3-BF4B-00C04F79EFBC}") = "ReplaceCancerGenes", "ReplaceCancerGenes\ReplaceCancerGenes.csproj", "{88AD3E13-48D3-493C-81E4-FCFDA25FE6C9}"
EndProject
Project("{FAE04EC0-301F-11D3-BF4B-00C04F79EFBC}") = "ReplaceCancerGenesTest", "ReplaceCancerGenesTest\ReplaceCancerGenesTest.csproj", "{2029DE17-0391-4283-93B3-9A4E46E2614B}"
EndProject
Global
	GlobalSection(SolutionConfigurationPlatforms) = preSolution
		Debug|Any CPU = Debug|Any CPU
		Release|Any CPU = Release|Any CPU
	EndGlobalSection
	GlobalSection(ProjectConfigurationPlatforms) = postSolution
		{88AD3E13-48D3-493C-81E4-FCFDA25FE6C9}.Debug|Any CPU.ActiveCfg = Debug|Any CPU
		{88AD3E13-48D3-493C-81E4-FCFDA25FE6C9}.Debug|Any CPU.Build.0 = Debug|Any CPU
		{88AD3E13-48D3-493C-81E4-FCFDA25FE6C9}.Release|Any CPU.ActiveCfg = Release|Any CPU
		{88AD3E13-48D3-493C-81E4-FCFDA25FE6C9}.Release|Any CPU.Build.0 = Release|Any CPU
		{2029DE17-0391-4283-93B3-9A4E46E2614B}.Debug|Any CPU.ActiveCfg = Debug|Any CPU
		{2029DE17-0391-4283-93B3-9A4E46E2614B}.Debug|Any CPU.Build.0 = Debug|Any CPU
		{2029DE17-0391-4283-93B3-9A4E46E2614B}.Release|Any CPU.ActiveCfg = Release|Any CPU
		{2029DE17-0391-4283-93B3-9A4E46E2614B}.Release|Any CPU.Build.0 = Release|Any CPU
	EndGlobalSection
	GlobalSection(SolutionProperties) = preSolution
		HideSolutionNode = FALSE
	EndGlobalSection
	GlobalSection(ExtensibilityGlobals) = postSolution
		SolutionGuid = {37B20B2B-2E65-480E-BB71-3E8A62F25C67}
	EndGlobalSection
EndGlobal
